// !$*UTF8*$!
{
	archiveVersion = 1;
	classes = {
	};
	objectVersion = 46;
	objects = {

/* Begin PBXBuildFile section */
		58931CFD1947F8F800888967 /* Septambres-Revisit.ttf in Resources */ = {isa = PBXBuildFile; fileRef = 58931CFB1947F8F800888967 /* Septambres-Revisit.ttf */; };
		58ABC6E0194BAEE3004232D6 /* dictDataStore.m in Sources */ = {isa = PBXBuildFile; fileRef = 58B197E61947906E00B9D9FA /* dictDataStore.m */; };
		58ABC6E1194BB098004232D6 /* dict.json in Resources */ = {isa = PBXBuildFile; fileRef = 58B197E8194790D000B9D9FA /* dict.json */; };
		58B197AB1947879000B9D9FA /* Foundation.framework in Frameworks */ = {isa = PBXBuildFile; fileRef = 58B197AA1947879000B9D9FA /* Foundation.framework */; };
		58B197AD1947879100B9D9FA /* CoreGraphics.framework in Frameworks */ = {isa = PBXBuildFile; fileRef = 58B197AC1947879100B9D9FA /* CoreGraphics.framework */; };
		58B197AF1947879100B9D9FA /* UIKit.framework in Frameworks */ = {isa = PBXBuildFile; fileRef = 58B197AE1947879100B9D9FA /* UIKit.framework */; };
		58B197B51947879100B9D9FA /* InfoPlist.strings in Resources */ = {isa = PBXBuildFile; fileRef = 58B197B31947879100B9D9FA /* InfoPlist.strings */; };
		58B197B71947879100B9D9FA /* main.m in Sources */ = {isa = PBXBuildFile; fileRef = 58B197B61947879100B9D9FA /* main.m */; };
		58B197BB1947879100B9D9FA /* dictAppDelegate.m in Sources */ = {isa = PBXBuildFile; fileRef = 58B197BA1947879100B9D9FA /* dictAppDelegate.m */; };
		58B197BE1947879100B9D9FA /* Main_iPhone.storyboard in Resources */ = {isa = PBXBuildFile; fileRef = 58B197BC1947879100B9D9FA /* Main_iPhone.storyboard */; };
		58B197C41947879100B9D9FA /* dictMasterViewController.m in Sources */ = {isa = PBXBuildFile; fileRef = 58B197C31947879100B9D9FA /* dictMasterViewController.m */; };
		58B197C91947879100B9D9FA /* Images.xcassets in Resources */ = {isa = PBXBuildFile; fileRef = 58B197C81947879100B9D9FA /* Images.xcassets */; };
		58B197E71947906E00B9D9FA /* dictDataStore.m in Sources */ = {isa = PBXBuildFile; fileRef = 58B197E61947906E00B9D9FA /* dictDataStore.m */; };
		58B197E9194790D000B9D9FA /* dict.json in Resources */ = {isa = PBXBuildFile; fileRef = 58B197E8194790D000B9D9FA /* dict.json */; };
		58C31BA2194B7B58006FFA5C /* Cocoa.framework in Frameworks */ = {isa = PBXBuildFile; fileRef = 58C31BA1194B7B58006FFA5C /* Cocoa.framework */; };
		58C31BAC194B7B58006FFA5C /* InfoPlist.strings in Resources */ = {isa = PBXBuildFile; fileRef = 58C31BAA194B7B58006FFA5C /* InfoPlist.strings */; };
		58C31BAE194B7B58006FFA5C /* main.m in Sources */ = {isa = PBXBuildFile; fileRef = 58C31BAD194B7B58006FFA5C /* main.m */; };
		58C31BB2194B7B58006FFA5C /* Credits.rtf in Resources */ = {isa = PBXBuildFile; fileRef = 58C31BB0194B7B58006FFA5C /* Credits.rtf */; };
		58C31BB5194B7B58006FFA5C /* dictAppDelegate.m in Sources */ = {isa = PBXBuildFile; fileRef = 58C31BB4194B7B58006FFA5C /* dictAppDelegate.m */; };
		58C31BB8194B7B58006FFA5C /* MainMenu.xib in Resources */ = {isa = PBXBuildFile; fileRef = 58C31BB6194B7B58006FFA5C /* MainMenu.xib */; };
		58C31BBA194B7B58006FFA5C /* Images.xcassets in Resources */ = {isa = PBXBuildFile; fileRef = 58C31BB9194B7B58006FFA5C /* Images.xcassets */; };
		58DD63CA19575FEA0079758A /* Septambres-Revisit.ttf in Resources */ = {isa = PBXBuildFile; fileRef = 58931CFB1947F8F800888967 /* Septambres-Revisit.ttf */; };
		58DD63CC1957600A0079758A /* Septambres-Revisit.ttf in CopyFiles */ = {isa = PBXBuildFile; fileRef = 58931CFB1947F8F800888967 /* Septambres-Revisit.ttf */; };
		58DD63CE195766690079758A /* core.html in Resources */ = {isa = PBXBuildFile; fileRef = 58DD63CD195766690079758A /* core.html */; };
/* End PBXBuildFile section */

/* Begin PBXCopyFilesBuildPhase section */
		58DD63CB19575FF60079758A /* CopyFiles */ = {
			isa = PBXCopyFilesBuildPhase;
			buildActionMask = 2147483647;
			dstPath = Fonts;
			dstSubfolderSpec = 7;
			files = (
				58DD63CC1957600A0079758A /* Septambres-Revisit.ttf in CopyFiles */,
			);
			runOnlyForDeploymentPostprocessing = 0;
		};
/* End PBXCopyFilesBuildPhase section */

/* Begin PBXFileReference section */
		58931CFB1947F8F800888967 /* Septambres-Revisit.ttf */ = {isa = PBXFileReference; lastKnownFileType = file; path = "Septambres-Revisit.ttf"; sourceTree = "<group>"; };
		58B197A71947879000B9D9FA /* Dictionaeryredux.app */ = {isa = PBXFileReference; explicitFileType = wrapper.application; includeInIndex = 0; path = Dictionaeryredux.app; sourceTree = BUILT_PRODUCTS_DIR; };
		58B197AA1947879000B9D9FA /* Foundation.framework */ = {isa = PBXFileReference; lastKnownFileType = wrapper.framework; name = Foundation.framework; path = System/Library/Frameworks/Foundation.framework; sourceTree = SDKROOT; };
		58B197AC1947879100B9D9FA /* CoreGraphics.framework */ = {isa = PBXFileReference; lastKnownFileType = wrapper.framework; name = CoreGraphics.framework; path = System/Library/Frameworks/CoreGraphics.framework; sourceTree = SDKROOT; };
		58B197AE1947879100B9D9FA /* UIKit.framework */ = {isa = PBXFileReference; lastKnownFileType = wrapper.framework; name = UIKit.framework; path = System/Library/Frameworks/UIKit.framework; sourceTree = SDKROOT; };
		58B197B21947879100B9D9FA /* Dictionaeryredux-Info.plist */ = {isa = PBXFileReference; lastKnownFileType = text.plist.xml; path = "Dictionaeryredux-Info.plist"; sourceTree = "<group>"; };
		58B197B41947879100B9D9FA /* en */ = {isa = PBXFileReference; lastKnownFileType = text.plist.strings; name = en; path = en.lproj/InfoPlist.strings; sourceTree = "<group>"; };
		58B197B61947879100B9D9FA /* main.m */ = {isa = PBXFileReference; lastKnownFileType = sourcecode.c.objc; path = main.m; sourceTree = "<group>"; };
		58B197B81947879100B9D9FA /* Dictionaeryredux-Prefix.pch */ = {isa = PBXFileReference; lastKnownFileType = sourcecode.c.h; path = "Dictionaeryredux-Prefix.pch"; sourceTree = "<group>"; };
		58B197B91947879100B9D9FA /* dictAppDelegate.h */ = {isa = PBXFileReference; lastKnownFileType = sourcecode.c.h; path = dictAppDelegate.h; sourceTree = "<group>"; };
		58B197BA1947879100B9D9FA /* dictAppDelegate.m */ = {isa = PBXFileReference; lastKnownFileType = sourcecode.c.objc; path = dictAppDelegate.m; sourceTree = "<group>"; };
		58B197BD1947879100B9D9FA /* Base */ = {isa = PBXFileReference; lastKnownFileType = file.storyboard; name = Base; path = Base.lproj/Main_iPhone.storyboard; sourceTree = "<group>"; };
		58B197C21947879100B9D9FA /* dictMasterViewController.h */ = {isa = PBXFileReference; lastKnownFileType = sourcecode.c.h; path = dictMasterViewController.h; sourceTree = "<group>"; };
		58B197C31947879100B9D9FA /* dictMasterViewController.m */ = {isa = PBXFileReference; lastKnownFileType = sourcecode.c.objc; path = dictMasterViewController.m; sourceTree = "<group>"; };
		58B197C81947879100B9D9FA /* Images.xcassets */ = {isa = PBXFileReference; lastKnownFileType = folder.assetcatalog; path = Images.xcassets; sourceTree = "<group>"; };
		58B197CF1947879100B9D9FA /* XCTest.framework */ = {isa = PBXFileReference; lastKnownFileType = wrapper.framework; name = XCTest.framework; path = Library/Frameworks/XCTest.framework; sourceTree = DEVELOPER_DIR; };
		58B197E51947906E00B9D9FA /* dictDataStore.h */ = {isa = PBXFileReference; fileEncoding = 4; lastKnownFileType = sourcecode.c.h; path = dictDataStore.h; sourceTree = "<group>"; };
		58B197E61947906E00B9D9FA /* dictDataStore.m */ = {isa = PBXFileReference; fileEncoding = 4; lastKnownFileType = sourcecode.c.objc; path = dictDataStore.m; sourceTree = "<group>"; };
		58B197E8194790D000B9D9FA /* dict.json */ = {isa = PBXFileReference; fileEncoding = 4; lastKnownFileType = text.json; path = dict.json; sourceTree = "<group>"; };
		58C31BA0194B7B58006FFA5C /* DictionaeryMac.app */ = {isa = PBXFileReference; explicitFileType = wrapper.application; includeInIndex = 0; path = DictionaeryMac.app; sourceTree = BUILT_PRODUCTS_DIR; };
		58C31BA1194B7B58006FFA5C /* Cocoa.framework */ = {isa = PBXFileReference; lastKnownFileType = wrapper.framework; name = Cocoa.framework; path = Library/Frameworks/Cocoa.framework; sourceTree = DEVELOPER_DIR; };
		58C31BA4194B7B58006FFA5C /* AppKit.framework */ = {isa = PBXFileReference; lastKnownFileType = wrapper.framework; name = AppKit.framework; path = Library/Frameworks/AppKit.framework; sourceTree = SDKROOT; };
		58C31BA5194B7B58006FFA5C /* CoreData.framework */ = {isa = PBXFileReference; lastKnownFileType = wrapper.framework; name = CoreData.framework; path = Library/Frameworks/CoreData.framework; sourceTree = SDKROOT; };
		58C31BA6194B7B58006FFA5C /* Foundation.framework */ = {isa = PBXFileReference; lastKnownFileType = wrapper.framework; name = Foundation.framework; path = Library/Frameworks/Foundation.framework; sourceTree = SDKROOT; };
		58C31BA9194B7B58006FFA5C /* DictionaeryMac-Info.plist */ = {isa = PBXFileReference; lastKnownFileType = text.plist.xml; path = "DictionaeryMac-Info.plist"; sourceTree = "<group>"; };
		58C31BAB194B7B58006FFA5C /* en */ = {isa = PBXFileReference; lastKnownFileType = text.plist.strings; name = en; path = en.lproj/InfoPlist.strings; sourceTree = "<group>"; };
		58C31BAD194B7B58006FFA5C /* main.m */ = {isa = PBXFileReference; lastKnownFileType = sourcecode.c.objc; path = main.m; sourceTree = "<group>"; };
		58C31BAF194B7B58006FFA5C /* DictionaeryMac-Prefix.pch */ = {isa = PBXFileReference; lastKnownFileType = sourcecode.c.h; path = "DictionaeryMac-Prefix.pch"; sourceTree = "<group>"; };
		58C31BB1194B7B58006FFA5C /* en */ = {isa = PBXFileReference; lastKnownFileType = text.rtf; name = en; path = en.lproj/Credits.rtf; sourceTree = "<group>"; };
		58C31BB3194B7B58006FFA5C /* dictAppDelegate.h */ = {isa = PBXFileReference; lastKnownFileType = sourcecode.c.h; path = dictAppDelegate.h; sourceTree = "<group>"; };
		58C31BB4194B7B58006FFA5C /* dictAppDelegate.m */ = {isa = PBXFileReference; lastKnownFileType = sourcecode.c.objc; path = dictAppDelegate.m; sourceTree = "<group>"; };
		58C31BB7194B7B58006FFA5C /* Base */ = {isa = PBXFileReference; lastKnownFileType = file.xib; name = Base; path = Base.lproj/MainMenu.xib; sourceTree = "<group>"; };
		58C31BB9194B7B58006FFA5C /* Images.xcassets */ = {isa = PBXFileReference; lastKnownFileType = folder.assetcatalog; path = Images.xcassets; sourceTree = "<group>"; };
		58DD63CD195766690079758A /* core.html */ = {isa = PBXFileReference; fileEncoding = 4; lastKnownFileType = text.html; path = core.html; sourceTree = "<group>"; };
/* End PBXFileReference section */

/* Begin PBXFrameworksBuildPhase section */
		58B197A41947879000B9D9FA /* Frameworks */ = {
			isa = PBXFrameworksBuildPhase;
			buildActionMask = 2147483647;
			files = (
				58B197AD1947879100B9D9FA /* CoreGraphics.framework in Frameworks */,
				58B197AF1947879100B9D9FA /* UIKit.framework in Frameworks */,
				58B197AB1947879000B9D9FA /* Foundation.framework in Frameworks */,
			);
			runOnlyForDeploymentPostprocessing = 0;
		};
		58C31B9D194B7B58006FFA5C /* Frameworks */ = {
			isa = PBXFrameworksBuildPhase;
			buildActionMask = 2147483647;
			files = (
				58C31BA2194B7B58006FFA5C /* Cocoa.framework in Frameworks */,
			);
			runOnlyForDeploymentPostprocessing = 0;
		};
/* End PBXFrameworksBuildPhase section */

/* Begin PBXGroup section */
		58B1979E1947879000B9D9FA = {
			isa = PBXGroup;
			children = (
				58B197B01947879100B9D9FA /* Dictionaeryredux */,
				58C31BA7194B7B58006FFA5C /* DictionaeryMac */,
				58B197A91947879000B9D9FA /* Frameworks */,
				58B197A81947879000B9D9FA /* Products */,
			);
			sourceTree = "<group>";
		};
		58B197A81947879000B9D9FA /* Products */ = {
			isa = PBXGroup;
			children = (
				58B197A71947879000B9D9FA /* Dictionaeryredux.app */,
				58C31BA0194B7B58006FFA5C /* DictionaeryMac.app */,
			);
			name = Products;
			sourceTree = "<group>";
		};
		58B197A91947879000B9D9FA /* Frameworks */ = {
			isa = PBXGroup;
			children = (
				58B197AA1947879000B9D9FA /* Foundation.framework */,
				58B197AC1947879100B9D9FA /* CoreGraphics.framework */,
				58B197AE1947879100B9D9FA /* UIKit.framework */,
				58B197CF1947879100B9D9FA /* XCTest.framework */,
				58C31BA1194B7B58006FFA5C /* Cocoa.framework */,
				58C31BA3194B7B58006FFA5C /* Other Frameworks */,
			);
			name = Frameworks;
			sourceTree = "<group>";
		};
		58B197B01947879100B9D9FA /* Dictionaeryredux */ = {
			isa = PBXGroup;
			children = (
				58B197B91947879100B9D9FA /* dictAppDelegate.h */,
				58B197BA1947879100B9D9FA /* dictAppDelegate.m */,
				58B197BC1947879100B9D9FA /* Main_iPhone.storyboard */,
				58B197C21947879100B9D9FA /* dictMasterViewController.h */,
				58B197C31947879100B9D9FA /* dictMasterViewController.m */,
				58B197E51947906E00B9D9FA /* dictDataStore.h */,
				58B197E61947906E00B9D9FA /* dictDataStore.m */,
				58B197C81947879100B9D9FA /* Images.xcassets */,
				58B197B11947879100B9D9FA /* Supporting Files */,
			);
			path = Dictionaeryredux;
			sourceTree = "<group>";
		};
		58B197B11947879100B9D9FA /* Supporting Files */ = {
			isa = PBXGroup;
			children = (
				58931CFB1947F8F800888967 /* Septambres-Revisit.ttf */,
				58B197E8194790D000B9D9FA /* dict.json */,
				58B197B21947879100B9D9FA /* Dictionaeryredux-Info.plist */,
				58B197B31947879100B9D9FA /* InfoPlist.strings */,
				58B197B61947879100B9D9FA /* main.m */,
				58B197B81947879100B9D9FA /* Dictionaeryredux-Prefix.pch */,
			);
			name = "Supporting Files";
			sourceTree = "<group>";
		};
		58C31BA3194B7B58006FFA5C /* Other Frameworks */ = {
			isa = PBXGroup;
			children = (
				58C31BA4194B7B58006FFA5C /* AppKit.framework */,
				58C31BA5194B7B58006FFA5C /* CoreData.framework */,
				58C31BA6194B7B58006FFA5C /* Foundation.framework */,
			);
			name = "Other Frameworks";
			sourceTree = "<group>";
		};
		58C31BA7194B7B58006FFA5C /* DictionaeryMac */ = {
			isa = PBXGroup;
			children = (
				58C31BB3194B7B58006FFA5C /* dictAppDelegate.h */,
				58C31BB4194B7B58006FFA5C /* dictAppDelegate.m */,
				58DD63CD195766690079758A /* core.html */,
				58C31BB6194B7B58006FFA5C /* MainMenu.xib */,
				58C31BB9194B7B58006FFA5C /* Images.xcassets */,
				58C31BA8194B7B58006FFA5C /* Supporting Files */,
			);
			path = DictionaeryMac;
			sourceTree = "<group>";
		};
		58C31BA8194B7B58006FFA5C /* Supporting Files */ = {
			isa = PBXGroup;
			children = (
				58C31BA9194B7B58006FFA5C /* DictionaeryMac-Info.plist */,
				58C31BAA194B7B58006FFA5C /* InfoPlist.strings */,
				58C31BAD194B7B58006FFA5C /* main.m */,
				58C31BAF194B7B58006FFA5C /* DictionaeryMac-Prefix.pch */,
				58C31BB0194B7B58006FFA5C /* Credits.rtf */,
			);
			name = "Supporting Files";
			sourceTree = "<group>";
		};
/* End PBXGroup section */

/* Begin PBXNativeTarget section */
		58B197A61947879000B9D9FA /* Dictionaeryredux */ = {
			isa = PBXNativeTarget;
			buildConfigurationList = 58B197DF1947879100B9D9FA /* Build configuration list for PBXNativeTarget "Dictionaeryredux" */;
			buildPhases = (
				58B197A31947879000B9D9FA /* Sources */,
				58B197A41947879000B9D9FA /* Frameworks */,
				58B197A51947879000B9D9FA /* Resources */,
			);
			buildRules = (
			);
			dependencies = (
			);
			name = Dictionaeryredux;
			productName = Dictionaeryplus;
			productReference = 58B197A71947879000B9D9FA /* Dictionaeryredux.app */;
			productType = "com.apple.product-type.application";
		};
		58C31B9F194B7B58006FFA5C /* DictionaeryMac */ = {
			isa = PBXNativeTarget;
			buildConfigurationList = 58C31BD0194B7B59006FFA5C /* Build configuration list for PBXNativeTarget "DictionaeryMac" */;
			buildPhases = (
				58C31B9C194B7B58006FFA5C /* Sources */,
				58C31B9D194B7B58006FFA5C /* Frameworks */,
				58C31B9E194B7B58006FFA5C /* Resources */,
				58DD63CB19575FF60079758A /* CopyFiles */,
			);
			buildRules = (
			);
			dependencies = (
			);
			name = DictionaeryMac;
			productName = DictionaeryMac;
			productReference = 58C31BA0194B7B58006FFA5C /* DictionaeryMac.app */;
			productType = "com.apple.product-type.application";
		};
/* End PBXNativeTarget section */

/* Begin PBXProject section */
		58B1979F1947879000B9D9FA /* Project object */ = {
			isa = PBXProject;
			attributes = {
				CLASSPREFIX = dict;
				LastUpgradeCheck = 0510;
				ORGANIZATIONNAME = "Patrick Winchell";
			};
			buildConfigurationList = 58B197A21947879000B9D9FA /* Build configuration list for PBXProject "Dictionaeryredux" */;
			compatibilityVersion = "Xcode 3.2";
			developmentRegion = English;
			hasScannedForEncodings = 0;
			knownRegions = (
				en,
				Base,
			);
			mainGroup = 58B1979E1947879000B9D9FA;
			productRefGroup = 58B197A81947879000B9D9FA /* Products */;
			projectDirPath = "";
			projectRoot = "";
			targets = (
				58B197A61947879000B9D9FA /* Dictionaeryredux */,
				58C31B9F194B7B58006FFA5C /* DictionaeryMac */,
			);
		};
/* End PBXProject section */

/* Begin PBXResourcesBuildPhase section */
		58B197A51947879000B9D9FA /* Resources */ = {
			isa = PBXResourcesBuildPhase;
			buildActionMask = 2147483647;
			files = (
				58B197C91947879100B9D9FA /* Images.xcassets in Resources */,
				58B197E9194790D000B9D9FA /* dict.json in Resources */,
				58B197BE1947879100B9D9FA /* Main_iPhone.storyboard in Resources */,
				58931CFD1947F8F800888967 /* Septambres-Revisit.ttf in Resources */,
				58B197B51947879100B9D9FA /* InfoPlist.strings in Resources */,
			);
			runOnlyForDeploymentPostprocessing = 0;
		};
		58C31B9E194B7B58006FFA5C /* Resources */ = {
			isa = PBXResourcesBuildPhase;
			buildActionMask = 2147483647;
			files = (
				58DD63CE195766690079758A /* core.html in Resources */,
				58DD63CA19575FEA0079758A /* Septambres-Revisit.ttf in Resources */,
				58C31BAC194B7B58006FFA5C /* InfoPlist.strings in Resources */,
				58C31BBA194B7B58006FFA5C /* Images.xcassets in Resources */,
				58C31BB2194B7B58006FFA5C /* Credits.rtf in Resources */,
				58ABC6E1194BB098004232D6 /* dict.json in Resources */,
				58C31BB8194B7B58006FFA5C /* MainMenu.xib in Resources */,
			);
			runOnlyForDeploymentPostprocessing = 0;
		};
/* End PBXResourcesBuildPhase section */

/* Begin PBXSourcesBuildPhase section */
		58B197A31947879000B9D9FA /* Sources */ = {
			isa = PBXSourcesBuildPhase;
			buildActionMask = 2147483647;
			files = (
				58B197C41947879100B9D9FA /* dictMasterViewController.m in Sources */,
				58B197E71947906E00B9D9FA /* dictDataStore.m in Sources */,
				58B197BB1947879100B9D9FA /* dictAppDelegate.m in Sources */,
				58B197B71947879100B9D9FA /* main.m in Sources */,
			);
			runOnlyForDeploymentPostprocessing = 0;
		};
		58C31B9C194B7B58006FFA5C /* Sources */ = {
			isa = PBXSourcesBuildPhase;
			buildActionMask = 2147483647;
			files = (
				58C31BB5194B7B58006FFA5C /* dictAppDelegate.m in Sources */,
				58ABC6E0194BAEE3004232D6 /* dictDataStore.m in Sources */,
				58C31BAE194B7B58006FFA5C /* main.m in Sources */,
			);
			runOnlyForDeploymentPostprocessing = 0;
		};
/* End PBXSourcesBuildPhase section */

/* Begin PBXVariantGroup section */
		58B197B31947879100B9D9FA /* InfoPlist.strings */ = {
			isa = PBXVariantGroup;
			children = (
				58B197B41947879100B9D9FA /* en */,
			);
			name = InfoPlist.strings;
			sourceTree = "<group>";
		};
		58B197BC1947879100B9D9FA /* Main_iPhone.storyboard */ = {
			isa = PBXVariantGroup;
			children = (
				58B197BD1947879100B9D9FA /* Base */,
			);
			name = Main_iPhone.storyboard;
			sourceTree = "<group>";
		};
		58C31BAA194B7B58006FFA5C /* InfoPlist.strings */ = {
			isa = PBXVariantGroup;
			children = (
				58C31BAB194B7B58006FFA5C /* en */,
			);
			name = InfoPlist.strings;
			sourceTree = "<group>";
		};
		58C31BB0194B7B58006FFA5C /* Credits.rtf */ = {
			isa = PBXVariantGroup;
			children = (
				58C31BB1194B7B58006FFA5C /* en */,
			);
			name = Credits.rtf;
			sourceTree = "<group>";
		};
		58C31BB6194B7B58006FFA5C /* MainMenu.xib */ = {
			isa = PBXVariantGroup;
			children = (
				58C31BB7194B7B58006FFA5C /* Base */,
			);
			name = MainMenu.xib;
			sourceTree = "<group>";
		};
/* End PBXVariantGroup section */

/* Begin XCBuildConfiguration section */
		58B197DD1947879100B9D9FA /* Debug */ = {
			isa = XCBuildConfiguration;
			buildSettings = {
				ALWAYS_SEARCH_USER_PATHS = NO;
				CLANG_CXX_LANGUAGE_STANDARD = "gnu++0x";
				CLANG_CXX_LIBRARY = "libc++";
				CLANG_ENABLE_MODULES = YES;
				CLANG_ENABLE_OBJC_ARC = YES;
				CLANG_WARN_BOOL_CONVERSION = YES;
				CLANG_WARN_CONSTANT_CONVERSION = YES;
				CLANG_WARN_DIRECT_OBJC_ISA_USAGE = YES_ERROR;
				CLANG_WARN_EMPTY_BODY = YES;
				CLANG_WARN_ENUM_CONVERSION = YES;
				CLANG_WARN_INT_CONVERSION = YES;
				CLANG_WARN_OBJC_ROOT_CLASS = YES_ERROR;
				CLANG_WARN__DUPLICATE_METHOD_MATCH = YES;
				"CODE_SIGN_IDENTITY[sdk=iphoneos*]" = "iPhone Developer";
				COPY_PHASE_STRIP = NO;
				GCC_C_LANGUAGE_STANDARD = gnu99;
				GCC_DYNAMIC_NO_PIC = NO;
				GCC_OPTIMIZATION_LEVEL = 0;
				GCC_PREPROCESSOR_DEFINITIONS = (
					"DEBUG=1",
					"$(inherited)",
				);
				GCC_SYMBOLS_PRIVATE_EXTERN = NO;
				GCC_WARN_64_TO_32_BIT_CONVERSION = YES;
				GCC_WARN_ABOUT_RETURN_TYPE = YES_ERROR;
				GCC_WARN_UNDECLARED_SELECTOR = YES;
				GCC_WARN_UNINITIALIZED_AUTOS = YES_AGGRESSIVE;
				GCC_WARN_UNUSED_FUNCTION = YES;
				GCC_WARN_UNUSED_VARIABLE = YES;
				IPHONEOS_DEPLOYMENT_TARGET = 7.1;
				ONLY_ACTIVE_ARCH = YES;
				SDKROOT = iphoneos;
				TARGETED_DEVICE_FAMILY = "1,2";
			};
			name = Debug;
		};
		58B197DE1947879100B9D9FA /* Release */ = {
			isa = XCBuildConfiguration;
			buildSettings = {
				ALWAYS_SEARCH_USER_PATHS = NO;
				CLANG_CXX_LANGUAGE_STANDARD = "gnu++0x";
				CLANG_CXX_LIBRARY = "libc++";
				CLANG_ENABLE_MODULES = YES;
				CLANG_ENABLE_OBJC_ARC = YES;
				CLANG_WARN_BOOL_CONVERSION = YES;
				CLANG_WARN_CONSTANT_CONVERSION = YES;
				CLANG_WARN_DIRECT_OBJC_ISA_USAGE = YES_ERROR;
				CLANG_WARN_EMPTY_BODY = YES;
				CLANG_WARN_ENUM_CONVERSION = YES;
				CLANG_WARN_INT_CONVERSION = YES;
				CLANG_WARN_OBJC_ROOT_CLASS = YES_ERROR;
				CLANG_WARN__DUPLICATE_METHOD_MATCH = YES;
				"CODE_SIGN_IDENTITY[sdk=iphoneos*]" = "iPhone Developer";
				COPY_PHASE_STRIP = YES;
				ENABLE_NS_ASSERTIONS = NO;
				GCC_C_LANGUAGE_STANDARD = gnu99;
				GCC_WARN_64_TO_32_BIT_CONVERSION = YES;
				GCC_WARN_ABOUT_RETURN_TYPE = YES_ERROR;
				GCC_WARN_UNDECLARED_SELECTOR = YES;
				GCC_WARN_UNINITIALIZED_AUTOS = YES_AGGRESSIVE;
				GCC_WARN_UNUSED_FUNCTION = YES;
				GCC_WARN_UNUSED_VARIABLE = YES;
				IPHONEOS_DEPLOYMENT_TARGET = 7.1;
				SDKROOT = iphoneos;
				TARGETED_DEVICE_FAMILY = "1,2";
				VALIDATE_PRODUCT = YES;
			};
			name = Release;
		};
		58B197E01947879100B9D9FA /* Debug */ = {
			isa = XCBuildConfiguration;
			buildSettings = {
				ASSETCATALOG_COMPILER_APPICON_NAME = AppIcon;
				ASSETCATALOG_COMPILER_LAUNCHIMAGE_NAME = LaunchImage;
				GCC_PRECOMPILE_PREFIX_HEADER = YES;
				GCC_PREFIX_HEADER = "Dictionaeryredux/Dictionaeryredux-Prefix.pch";
				INFOPLIST_FILE = "Dictionaeryredux/Dictionaeryredux-Info.plist";
				PRODUCT_NAME = Dictionaeryredux;
				TARGETED_DEVICE_FAMILY = 1;
				WRAPPER_EXTENSION = app;
			};
			name = Debug;
		};
		58B197E11947879100B9D9FA /* Release */ = {
			isa = XCBuildConfiguration;
			buildSettings = {
				ASSETCATALOG_COMPILER_APPICON_NAME = AppIcon;
				ASSETCATALOG_COMPILER_LAUNCHIMAGE_NAME = LaunchImage;
				GCC_PRECOMPILE_PREFIX_HEADER = YES;
				GCC_PREFIX_HEADER = "Dictionaeryredux/Dictionaeryredux-Prefix.pch";
				INFOPLIST_FILE = "Dictionaeryredux/Dictionaeryredux-Info.plist";
				PRODUCT_NAME = Dictionaeryredux;
				TARGETED_DEVICE_FAMILY = 1;
				WRAPPER_EXTENSION = app;
			};
			name = Release;
		};
		58C31BCC194B7B59006FFA5C /* Debug */ = {
			isa = XCBuildConfiguration;
			buildSettings = {
				ASSETCATALOG_COMPILER_APPICON_NAME = AppIcon;
				COMBINE_HIDPI_IMAGES = YES;
				FRAMEWORK_SEARCH_PATHS = (
					"$(inherited)",
					"$(DEVELOPER_FRAMEWORKS_DIR)",
				);
				GCC_ENABLE_OBJC_EXCEPTIONS = YES;
				GCC_PRECOMPILE_PREFIX_HEADER = YES;
				GCC_PREFIX_HEADER = "DictionaeryMac/DictionaeryMac-Prefix.pch";
				GCC_PREPROCESSOR_DEFINITIONS = (
					"DEBUG=1",
					"$(inherited)",
				);
				INFOPLIST_FILE = "DictionaeryMac/DictionaeryMac-Info.plist";
				MACOSX_DEPLOYMENT_TARGET = 10.9;
				PRODUCT_NAME = "$(TARGET_NAME)";
				SDKROOT = macosx;
				WRAPPER_EXTENSION = app;
			};
			name = Debug;
		};
		58C31BCD194B7B59006FFA5C /* Release */ = {
			isa = XCBuildConfiguration;
			buildSettings = {
				ASSETCATALOG_COMPILER_APPICON_NAME = AppIcon;
				COMBINE_HIDPI_IMAGES = YES;
				DEBUG_INFORMATION_FORMAT = "dwarf-with-dsym";
				FRAMEWORK_SEARCH_PATHS = (
					"$(inherited)",
					"$(DEVELOPER_FRAMEWORKS_DIR)",
				);
				GCC_ENABLE_OBJC_EXCEPTIONS = YES;
				GCC_PRECOMPILE_PREFIX_HEADER = YES;
				GCC_PREFIX_HEADER = "DictionaeryMac/DictionaeryMac-Prefix.pch";
				INFOPLIST_FILE = "DictionaeryMac/DictionaeryMac-Info.plist";
				MACOSX_DEPLOYMENT_TARGET = 10.9;
				PRODUCT_NAME = "$(TARGET_NAME)";
				SDKROOT = macosx;
				WRAPPER_EXTENSION = app;
			};
			name = Release;
		};
/* End XCBuildConfiguration section */

/* Begin XCConfigurationList section */
		58B197A21947879000B9D9FA /* Build configuration list for PBXProject "Dictionaeryredux" */ = {
			isa = XCConfigurationList;
			buildConfigurations = (
				58B197DD1947879100B9D9FA /* Debug */,
				58B197DE1947879100B9D9FA /* Release */,
			);
			defaultConfigurationIsVisible = 0;
			defaultConfigurationName = Release;
		};
		58B197DF1947879100B9D9FA /* Build configuration list for PBXNativeTarget "Dictionaeryredux" */ = {
			isa = XCConfigurationList;
			buildConfigurations = (
				58B197E01947879100B9D9FA /* Debug */,
				58B197E11947879100B9D9FA /* Release */,
			);
			defaultConfigurationIsVisible = 0;
			defaultConfigurationName = Release;
		};
		58C31BD0194B7B59006FFA5C /* Build configuration list for PBXNativeTarget "DictionaeryMac" */ = {
			isa = XCConfigurationList;
			buildConfigurations = (
				58C31BCC194B7B59006FFA5C /* Debug */,
				58C31BCD194B7B59006FFA5C /* Release */,
			);
			defaultConfigurationIsVisible = 0;
			defaultConfigurationName = Release;
		};
/* End XCConfigurationList section */
	};
	rootObject = 58B1979F1947879000B9D9FA /* Project object */;
}
